
Microsoft Visual Studio Solution File, Format Version 12.00
# Visual Studio Version 17
VisualStudioVersion = 17.10.34928.147
MinimumVisualStudioVersion = 10.0.40219.1
Project("{8BC9CEB8-8B4A-11D0-8D11-00A0C91BC942}") = "Project3", "Project3\Project3.vcxproj", "{DDB884C1-6C9E-4445-89E8-6B2D0B89AB09}"
EndProject
Global
	GlobalSection(SolutionConfigurationPlatforms) = preSolution
		Debug|x64 = Debug|x64
		Debug|x86 = Debug|x86
		Release|x64 = Release|x64
		Release|x86 = Release|x86
	EndGlobalSection
	GlobalSection(ProjectConfigurationPlatforms) = postSolution
		{DDB884C1-6C9E-4445-89E8-6B2D0B89AB09}.Debug|x64.ActiveCfg = Debug|x64
		{DDB884C1-6C9E-4445-89E8-6B2D0B89AB09}.Debug|x64.Build.0 = Debug|x64
		{DDB884C1-6C9E-4445-89E8-6B2D0B89AB09}.Debug|x86.ActiveCfg = Debug|Win32
		{DDB884C1-6C9E-4445-89E8-6B2D0B89AB09}.Debug|x86.Build.0 = Debug|Win32
		{DDB884C1-6C9E-4445-89E8-6B2D0B89AB09}.Release|x64.ActiveCfg = Release|x64
		{DDB884C1-6C9E-4445-89E8-6B2D0B89AB09}.Release|x64.Build.0 = Release|x64
		{DDB884C1-6C9E-4445-89E8-6B2D0B89AB09}.Release|x86.ActiveCfg = Release|Win32
		{DDB884C1-6C9E-4445-89E8-6B2D0B89AB09}.Release|x86.Build.0 = Release|Win32
	EndGlobalSection
	GlobalSection(SolutionProperties) = preSolution
		HideSolutionNode = FALSE
	EndGlobalSection
	GlobalSection(ExtensibilityGlobals) = postSolution
		SolutionGuid = {DAE8B5B1-A683-4CE9-8407-61C4BE09052C}
	EndGlobalSection
EndGlobal
