
Microsoft Visual Studio Solution File, Format Version 12.00
# Visual Studio Version 17
VisualStudioVersion = 17.10.34928.147
MinimumVisualStudioVersion = 10.0.40219.1
Project("{888888A0-9F3D-457C-B088-3A5042F75D52}") = "FunctionPythonTask", "FunctionPythonTask\FunctionPythonTask.pyproj", "{F99EFE45-1FD5-478F-94BB-6C8C51C5D0E1}"
EndProject
Global
	GlobalSection(SolutionConfigurationPlatforms) = preSolution
		Debug|Any CPU = Debug|Any CPU
		Release|Any CPU = Release|Any CPU
	EndGlobalSection
	GlobalSection(ProjectConfigurationPlatforms) = postSolution
		{F99EFE45-1FD5-478F-94BB-6C8C51C5D0E1}.Debug|Any CPU.ActiveCfg = Debug|Any CPU
		{F99EFE45-1FD5-478F-94BB-6C8C51C5D0E1}.Release|Any CPU.ActiveCfg = Release|Any CPU
	EndGlobalSection
	GlobalSection(SolutionProperties) = preSolution
		HideSolutionNode = FALSE
	EndGlobalSection
	GlobalSection(ExtensibilityGlobals) = postSolution
		SolutionGuid = {5F5A7F86-E192-42CC-B903-D22938E2E8CA}
	EndGlobalSection
EndGlobal
