
Microsoft Visual Studio Solution File, Format Version 12.00
# Visual Studio Version 17
VisualStudioVersion = 17.10.34928.147
MinimumVisualStudioVersion = 10.0.40219.1
Project("{888888A0-9F3D-457C-B088-3A5042F75D52}") = "Function", "Function\Function.pyproj", "{150BC648-8CC8-4E94-85C6-C4BFB519D83B}"
EndProject
Global
	GlobalSection(SolutionConfigurationPlatforms) = preSolution
		Debug|Any CPU = Debug|Any CPU
		Release|Any CPU = Release|Any CPU
	EndGlobalSection
	GlobalSection(ProjectConfigurationPlatforms) = postSolution
		{150BC648-8CC8-4E94-85C6-C4BFB519D83B}.Debug|Any CPU.ActiveCfg = Debug|Any CPU
		{150BC648-8CC8-4E94-85C6-C4BFB519D83B}.Release|Any CPU.ActiveCfg = Release|Any CPU
	EndGlobalSection
	GlobalSection(SolutionProperties) = preSolution
		HideSolutionNode = FALSE
	EndGlobalSection
	GlobalSection(ExtensibilityGlobals) = postSolution
		SolutionGuid = {AB5B57D2-2E7E-4BFF-AED8-33C9A787E894}
	EndGlobalSection
EndGlobal
