
Microsoft Visual Studio Solution File, Format Version 12.00
# Visual Studio Version 17
VisualStudioVersion = 17.10.34928.147
MinimumVisualStudioVersion = 10.0.40219.1
Project("{8BC9CEB8-8B4A-11D0-8D11-00A0C91BC942}") = "Project2", "Project2\Project2.vcxproj", "{39AA98EC-D1DE-48C8-ADFC-933ED16854BF}"
EndProject
Global
	GlobalSection(SolutionConfigurationPlatforms) = preSolution
		Debug|x64 = Debug|x64
		Debug|x86 = Debug|x86
		Release|x64 = Release|x64
		Release|x86 = Release|x86
	EndGlobalSection
	GlobalSection(ProjectConfigurationPlatforms) = postSolution
		{39AA98EC-D1DE-48C8-ADFC-933ED16854BF}.Debug|x64.ActiveCfg = Debug|x64
		{39AA98EC-D1DE-48C8-ADFC-933ED16854BF}.Debug|x64.Build.0 = Debug|x64
		{39AA98EC-D1DE-48C8-ADFC-933ED16854BF}.Debug|x86.ActiveCfg = Debug|Win32
		{39AA98EC-D1DE-48C8-ADFC-933ED16854BF}.Debug|x86.Build.0 = Debug|Win32
		{39AA98EC-D1DE-48C8-ADFC-933ED16854BF}.Release|x64.ActiveCfg = Release|x64
		{39AA98EC-D1DE-48C8-ADFC-933ED16854BF}.Release|x64.Build.0 = Release|x64
		{39AA98EC-D1DE-48C8-ADFC-933ED16854BF}.Release|x86.ActiveCfg = Release|Win32
		{39AA98EC-D1DE-48C8-ADFC-933ED16854BF}.Release|x86.Build.0 = Release|Win32
	EndGlobalSection
	GlobalSection(SolutionProperties) = preSolution
		HideSolutionNode = FALSE
	EndGlobalSection
	GlobalSection(ExtensibilityGlobals) = postSolution
		SolutionGuid = {8444DC6A-675A-4E30-91CB-FE603F13F874}
	EndGlobalSection
EndGlobal
